
Microsoft Visual Studio Solution File, Format Version 12.00
# Visual Studio Version 16
VisualStudioVersion = 16.0.28922.388
MinimumVisualStudioVersion = 10.0.40219.1
Project("{FAE04EC0-301F-11D3-BF4B-00C04F79EFBC}") = "BOMRemover", "BOMRemover\BOMRemover.csproj", "{E12D1E6B-8CAC-4832-BC67-4C7A75F58446}"
EndProject
Global
	GlobalSection(SolutionConfigurationPlatforms) = preSolution
		Debug|Any CPU = Debug|Any CPU
		Release|Any CPU = Release|Any CPU
	EndGlobalSection
	GlobalSection(ProjectConfigurationPlatforms) = postSolution
		{E12D1E6B-8CAC-4832-BC67-4C7A75F58446}.Debug|Any CPU.ActiveCfg = Debug|Any CPU
		{E12D1E6B-8CAC-4832-BC67-4C7A75F58446}.Debug|Any CPU.Build.0 = Debug|Any CPU
		{E12D1E6B-8CAC-4832-BC67-4C7A75F58446}.Release|Any CPU.ActiveCfg = Release|Any CPU
		{E12D1E6B-8CAC-4832-BC67-4C7A75F58446}.Release|Any CPU.Build.0 = Release|Any CPU
	EndGlobalSection
	GlobalSection(SolutionProperties) = preSolution
		HideSolutionNode = FALSE
	EndGlobalSection
	GlobalSection(ExtensibilityGlobals) = postSolution
		SolutionGuid = {27310738-456A-470E-8E4D-4E81C0BB4DBD}
	EndGlobalSection
EndGlobal
